
Microsoft Visual Studio Solution File, Format Version 12.00
# Visual Studio Version 17
VisualStudioVersion = 17.13.35919.96
MinimumVisualStudioVersion = 10.0.40219.1
Project("{FAE04EC0-301F-11D3-BF4B-00C04F79EFBC}") = "SUSModder", "SUSModder\SUSModder.csproj", "{00464E97-8F80-42AE-B162-162C4E55EA9C}"
	ProjectSection(ProjectDependencies) = postProject
		{425FDD20-2605-E37D-50AD-F3D1E033F37D} = {425FDD20-2605-E37D-50AD-F3D1E033F37D}
	EndProjectSection
EndProject
Project("{FAE04EC0-301F-11D3-BF4B-00C04F79EFBC}") = "SUSModder.Core", "SUSModder.Core\SUSModder.Core.csproj", "{425FDD20-2605-E37D-50AD-F3D1E033F37D}"
EndProject
Project("{FAE04EC0-301F-11D3-BF4B-00C04F79EFBC}") = "SUSModder.Core.Tests", "SUSModder.Core.Tests\SUSModder.Core.Tests.csproj", "{E918BD1F-1B87-42F3-85CC-A97D39A4C2A2}"
EndProject
Global
	GlobalSection(SolutionConfigurationPlatforms) = preSolution
		Debug|Any CPU = Debug|Any CPU
		Debug|x64 = Debug|x64
		Debug|x86 = Debug|x86
		Release|Any CPU = Release|Any CPU
		Release|x64 = Release|x64
		Release|x86 = Release|x86
	EndGlobalSection
	GlobalSection(ProjectConfigurationPlatforms) = postSolution
		{00464E97-8F80-42AE-B162-162C4E55EA9C}.Debug|Any CPU.ActiveCfg = Debug|Any CPU
		{00464E97-8F80-42AE-B162-162C4E55EA9C}.Debug|Any CPU.Build.0 = Debug|Any CPU
		{00464E97-8F80-42AE-B162-162C4E55EA9C}.Debug|x64.ActiveCfg = Debug|Any CPU
		{00464E97-8F80-42AE-B162-162C4E55EA9C}.Debug|x64.Build.0 = Debug|Any CPU
		{00464E97-8F80-42AE-B162-162C4E55EA9C}.Debug|x86.ActiveCfg = Debug|Any CPU
		{00464E97-8F80-42AE-B162-162C4E55EA9C}.Debug|x86.Build.0 = Debug|Any CPU
		{00464E97-8F80-42AE-B162-162C4E55EA9C}.Release|Any CPU.ActiveCfg = Release|Any CPU
		{00464E97-8F80-42AE-B162-162C4E55EA9C}.Release|Any CPU.Build.0 = Release|Any CPU
		{00464E97-8F80-42AE-B162-162C4E55EA9C}.Release|x64.ActiveCfg = Release|Any CPU
		{00464E97-8F80-42AE-B162-162C4E55EA9C}.Release|x64.Build.0 = Release|Any CPU
		{00464E97-8F80-42AE-B162-162C4E55EA9C}.Release|x86.ActiveCfg = Release|Any CPU
		{00464E97-8F80-42AE-B162-162C4E55EA9C}.Release|x86.Build.0 = Release|Any CPU
		{425FDD20-2605-E37D-50AD-F3D1E033F37D}.Debug|Any CPU.ActiveCfg = Debug|Any CPU
		{425FDD20-2605-E37D-50AD-F3D1E033F37D}.Debug|Any CPU.Build.0 = Debug|Any CPU
		{425FDD20-2605-E37D-50AD-F3D1E033F37D}.Debug|x64.ActiveCfg = Debug|Any CPU
		{425FDD20-2605-E37D-50AD-F3D1E033F37D}.Debug|x64.Build.0 = Debug|Any CPU
		{425FDD20-2605-E37D-50AD-F3D1E033F37D}.Debug|x86.ActiveCfg = Debug|Any CPU
		{425FDD20-2605-E37D-50AD-F3D1E033F37D}.Debug|x86.Build.0 = Debug|Any CPU
		{425FDD20-2605-E37D-50AD-F3D1E033F37D}.Release|Any CPU.ActiveCfg = Release|Any CPU
		{425FDD20-2605-E37D-50AD-F3D1E033F37D}.Release|Any CPU.Build.0 = Release|Any CPU
		{425FDD20-2605-E37D-50AD-F3D1E033F37D}.Release|x64.ActiveCfg = Release|Any CPU
		{425FDD20-2605-E37D-50AD-F3D1E033F37D}.Release|x64.Build.0 = Release|Any CPU
		{425FDD20-2605-E37D-50AD-F3D1E033F37D}.Release|x86.ActiveCfg = Release|Any CPU
		{425FDD20-2605-E37D-50AD-F3D1E033F37D}.Release|x86.Build.0 = Release|Any CPU
		{E918BD1F-1B87-42F3-85CC-A97D39A4C2A2}.Debug|Any CPU.ActiveCfg = Debug|Any CPU
		{E918BD1F-1B87-42F3-85CC-A97D39A4C2A2}.Debug|Any CPU.Build.0 = Debug|Any CPU
		{E918BD1F-1B87-42F3-85CC-A97D39A4C2A2}.Debug|x64.ActiveCfg = Debug|Any CPU
		{E918BD1F-1B87-42F3-85CC-A97D39A4C2A2}.Debug|x64.Build.0 = Debug|Any CPU
		{E918BD1F-1B87-42F3-85CC-A97D39A4C2A2}.Debug|x86.ActiveCfg = Debug|Any CPU
		{E918BD1F-1B87-42F3-85CC-A97D39A4C2A2}.Debug|x86.Build.0 = Debug|Any CPU
		{E918BD1F-1B87-42F3-85CC-A97D39A4C2A2}.Release|Any CPU.ActiveCfg = Release|Any CPU
		{E918BD1F-1B87-42F3-85CC-A97D39A4C2A2}.Release|Any CPU.Build.0 = Release|Any CPU
		{E918BD1F-1B87-42F3-85CC-A97D39A4C2A2}.Release|x64.ActiveCfg = Release|Any CPU
		{E918BD1F-1B87-42F3-85CC-A97D39A4C2A2}.Release|x64.Build.0 = Release|Any CPU
		{E918BD1F-1B87-42F3-85CC-A97D39A4C2A2}.Release|x86.ActiveCfg = Release|Any CPU
		{E918BD1F-1B87-42F3-85CC-A97D39A4C2A2}.Release|x86.Build.0 = Release|Any CPU
	EndGlobalSection
	GlobalSection(SolutionProperties) = preSolution
		HideSolutionNode = FALSE
	EndGlobalSection
	GlobalSection(ExtensibilityGlobals) = postSolution
		SolutionGuid = {B2B51E6C-0C59-4627-BDBE-2A3E0E97EA66}
	EndGlobalSection
EndGlobal
